
Microsoft Visual Studio Solution File, Format Version 12.00
# Visual Studio 15
VisualStudioVersion = 15.0.28010.2036
MinimumVisualStudioVersion = 10.0.40219.1
Project("{FAE04EC0-301F-11D3-BF4B-00C04F79EFBC}") = "StudentManagement", "StudentManagement\StudentManagement.csproj", "{AE3AE652-5EC1-4D9C-A37B-5F7DDFBB7F95}"
EndProject
Global
	GlobalSection(SolutionConfigurationPlatforms) = preSolution
		Debug|Any CPU = Debug|Any CPU
		Release|Any CPU = Release|Any CPU
	EndGlobalSection
	GlobalSection(ProjectConfigurationPlatforms) = postSolution
		{AE3AE652-5EC1-4D9C-A37B-5F7DDFBB7F95}.Debug|Any CPU.ActiveCfg = Debug|Any CPU
		{AE3AE652-5EC1-4D9C-A37B-5F7DDFBB7F95}.Debug|Any CPU.Build.0 = Debug|Any CPU
		{AE3AE652-5EC1-4D9C-A37B-5F7DDFBB7F95}.Release|Any CPU.ActiveCfg = Release|Any CPU
		{AE3AE652-5EC1-4D9C-A37B-5F7DDFBB7F95}.Release|Any CPU.Build.0 = Release|Any CPU
	EndGlobalSection
	GlobalSection(SolutionProperties) = preSolution
		HideSolutionNode = FALSE
	EndGlobalSection
	GlobalSection(ExtensibilityGlobals) = postSolution
		SolutionGuid = {9F2862A6-47D4-49E1-9F93-94AA7E9B1D88}
	EndGlobalSection
EndGlobal
